lockfileVersion: 5.4

importers:

  .:
    specifiers:
      husky: ^8.0.1
    devDependencies:
      husky: 8.0.1

  packages/client:
    specifiers:
      typescript: ^4.8.2
    devDependencies:
      typescript: 4.8.2

packages:

  /husky/8.0.1:
    resolution: {integrity: sha512-xs7/chUH/CKdOCs7Zy0Aev9e/dKOMZf3K1Az1nar3tzlv0jfqnYtu235bstsWTmXOR0EfINrPa97yy4Lz6RiKw==}
    engines: {node: '>=14'}
    hasBin: true
    dev: true

  /typescript/4.8.2:
    resolution: {integrity: sha512-C0I1UsrrDHo2fYI5oaCGbSejwX4ch+9Y5jTQELvovfmFkK3HHSZJB8MSJcWLmCUBzQBchCrZ9rMRV6GuNrvGtw==}
    engines: {node: '>=4.2.0'}
    hasBin: true
    dev: true
